
Microsoft Visual Studio Solution File, Format Version 12.00
# Visual Studio Version 16
VisualStudioVersion = 16.0.29806.167
MinimumVisualStudioVersion = 10.0.40219.1
Project("{FAE04EC0-301F-11D3-BF4B-00C04F79EFBC}") = "WindowsFormsApp1", "WindowsFormsApp1\WindowsFormsApp1.csproj", "{7B62F482-C0FF-4DCF-8D0D-0252A5697B4F}"
EndProject
Project("{FAE04EC0-301F-11D3-BF4B-00C04F79EFBC}") = "ClassLibrary1", "ClassLibrary1\ClassLibrary1.csproj", "{1CC0DE1E-F037-4482-9CA3-54FACFF98C8C}"
EndProject
Project("{FAE04EC0-301F-11D3-BF4B-00C04F79EFBC}") = "UnitTestProject1", "UnitTestProject1\UnitTestProject1.csproj", "{B403C6CB-5444-4F00-8C02-79835E2F3DFF}"
EndProject
Global
	GlobalSection(SolutionConfigurationPlatforms) = preSolution
		Debug|Any CPU = Debug|Any CPU
		Release|Any CPU = Release|Any CPU
	EndGlobalSection
	GlobalSection(ProjectConfigurationPlatforms) = postSolution
		{7B62F482-C0FF-4DCF-8D0D-0252A5697B4F}.Debug|Any CPU.ActiveCfg = Debug|Any CPU
		{7B62F482-C0FF-4DCF-8D0D-0252A5697B4F}.Debug|Any CPU.Build.0 = Debug|Any CPU
		{7B62F482-C0FF-4DCF-8D0D-0252A5697B4F}.Release|Any CPU.ActiveCfg = Release|Any CPU
		{7B62F482-C0FF-4DCF-8D0D-0252A5697B4F}.Release|Any CPU.Build.0 = Release|Any CPU
		{1CC0DE1E-F037-4482-9CA3-54FACFF98C8C}.Debug|Any CPU.ActiveCfg = Debug|Any CPU
		{1CC0DE1E-F037-4482-9CA3-54FACFF98C8C}.Debug|Any CPU.Build.0 = Debug|Any CPU
		{1CC0DE1E-F037-4482-9CA3-54FACFF98C8C}.Release|Any CPU.ActiveCfg = Release|Any CPU
		{1CC0DE1E-F037-4482-9CA3-54FACFF98C8C}.Release|Any CPU.Build.0 = Release|Any CPU
		{B403C6CB-5444-4F00-8C02-79835E2F3DFF}.Debug|Any CPU.ActiveCfg = Debug|Any CPU
		{B403C6CB-5444-4F00-8C02-79835E2F3DFF}.Debug|Any CPU.Build.0 = Debug|Any CPU
		{B403C6CB-5444-4F00-8C02-79835E2F3DFF}.Release|Any CPU.ActiveCfg = Release|Any CPU
		{B403C6CB-5444-4F00-8C02-79835E2F3DFF}.Release|Any CPU.Build.0 = Release|Any CPU
	EndGlobalSection
	GlobalSection(SolutionProperties) = preSolution
		HideSolutionNode = FALSE
	EndGlobalSection
	GlobalSection(ExtensibilityGlobals) = postSolution
		SolutionGuid = {1767AA98-1E10-40B4-AB5C-B011895FD0EA}
	EndGlobalSection
EndGlobal
